
Microsoft Visual Studio Solution File, Format Version 12.00
# Visual Studio Version 16
VisualStudioVersion = 16.0.31727.386
MinimumVisualStudioVersion = 10.0.40219.1
Project("{FAE04EC0-301F-11D3-BF4B-00C04F79EFBC}") = "Azure_Function_Basic_Example", "Azure_Function_Basic_Example.csproj", "{B695654E-FB79-4EA7-9279-A71464B794D1}"
EndProject
Global
	GlobalSection(SolutionConfigurationPlatforms) = preSolution
		Debug|Any CPU = Debug|Any CPU
		Release|Any CPU = Release|Any CPU
	EndGlobalSection
	GlobalSection(ProjectConfigurationPlatforms) = postSolution
		{B695654E-FB79-4EA7-9279-A71464B794D1}.Debug|Any CPU.ActiveCfg = Debug|Any CPU
		{B695654E-FB79-4EA7-9279-A71464B794D1}.Debug|Any CPU.Build.0 = Debug|Any CPU
		{B695654E-FB79-4EA7-9279-A71464B794D1}.Release|Any CPU.ActiveCfg = Release|Any CPU
		{B695654E-FB79-4EA7-9279-A71464B794D1}.Release|Any CPU.Build.0 = Release|Any CPU
	EndGlobalSection
	GlobalSection(SolutionProperties) = preSolution
		HideSolutionNode = FALSE
	EndGlobalSection
	GlobalSection(ExtensibilityGlobals) = postSolution
		SolutionGuid = {51E10C72-D269-40C0-A41E-8F750BC749EB}
	EndGlobalSection
EndGlobal
